PODS:
  - Flutter (1.0.0)
  - nat_l10n (0.0.1):
    - Flutter

DEPENDENCIES:
  - Flutter (from `Flutter`)
  - nat_l10n (from `.symlinks/plugins/nat_l10n/ios`)

EXTERNAL SOURCES:
  Flutter:
    :path: Flutter
  nat_l10n:
    :path: ".symlinks/plugins/nat_l10n/ios"

SPEC CHECKSUMS:
  Flutter: e0871f40cf51350855a761d2e70bf5af5b9b5de7
  nat_l10n: 0c16f8d9f33c1037f20ee4268ca1d8ff26dd6d9c

PODFILE CHECKSUM: 4e8f8b2be68aeea4c0d5beb6ff1e79fface1d048

COCOAPODS: 1.15.2
